
Microsoft Visual Studio Solution File, Format Version 12.00
# Visual Studio 15
Project("{FAE04EC0-301F-11D3-BF4B-00C04F79EFBC}") = "Assembly-CSharp", "Assembly-CSharp.csproj", "{3A90C197-D803-46FF-2A1B-0DD49277004A}"
EndProject
Project("{FAE04EC0-301F-11D3-BF4B-00C04F79EFBC}") = "Strategy.Tests", "Strategy.Tests\Strategy.Tests.csproj", "{B19DD25D-8F08-4F9D-AD9A-EAE1A263C9C5}"
	ProjectSection(ProjectDependencies) = postProject
		{3A90C197-D803-46FF-2A1B-0DD49277004A} = {3A90C197-D803-46FF-2A1B-0DD49277004A}
	EndProjectSection
EndProject
Global
	GlobalSection(SolutionConfigurationPlatforms) = preSolution
		Debug|Any CPU = Debug|Any CPU
		Release|Any CPU = Release|Any CPU
	EndGlobalSection
	GlobalSection(ProjectConfigurationPlatforms) = postSolution
		{3A90C197-D803-46FF-2A1B-0DD49277004A}.Debug|Any CPU.ActiveCfg = Debug|Any CPU
		{3A90C197-D803-46FF-2A1B-0DD49277004A}.Debug|Any CPU.Build.0 = Debug|Any CPU
		{3A90C197-D803-46FF-2A1B-0DD49277004A}.Release|Any CPU.ActiveCfg = Release|Any CPU
		{3A90C197-D803-46FF-2A1B-0DD49277004A}.Release|Any CPU.Build.0 = Release|Any CPU
		{B19DD25D-8F08-4F9D-AD9A-EAE1A263C9C5}.Debug|Any CPU.ActiveCfg = Debug|Any CPU
		{B19DD25D-8F08-4F9D-AD9A-EAE1A263C9C5}.Debug|Any CPU.Build.0 = Debug|Any CPU
		{B19DD25D-8F08-4F9D-AD9A-EAE1A263C9C5}.Release|Any CPU.ActiveCfg = Release|Any CPU
		{B19DD25D-8F08-4F9D-AD9A-EAE1A263C9C5}.Release|Any CPU.Build.0 = Release|Any CPU
	EndGlobalSection
	GlobalSection(SolutionProperties) = preSolution
		HideSolutionNode = FALSE
	EndGlobalSection
EndGlobal
